
Microsoft Visual Studio Solution File, Format Version 12.00
# Visual Studio 2013
VisualStudioVersion = 12.0.21005.1
MinimumVisualStudioVersion = 10.0.40219.1
Project("{8BC9CEB8-8B4A-11D0-8D11-00A0C91BC942}") = "15.05.27_MyLib", "15.05.27_MyLib\15.05.27_MyLib.vcxproj", "{AFC54A85-2850-4535-8050-F9BB03CBBAAC}"
EndProject
Project("{8BC9CEB8-8B4A-11D0-8D11-00A0C91BC942}") = "14.07.03_BoB_Handlay", "14.07.03_BoB_Handlay\14.07.03_BoB_Handlay.vcxproj", "{D0A2FF73-A5AB-4E8A-89ED-C57C280E4CCD}"
EndProject
Project("{8BC9CEB8-8B4A-11D0-8D11-00A0C91BC942}") = "14.05.15_현식도와주기_3학년실험C", "14.05.15_현식도와주기_3학년실험C\14.05.15_현식도와주기_3학년실험C.vcxproj", "{D507DF39-5EF4-4842-802E-8C9E3A0E757B}"
EndProject
Project("{8BC9CEB8-8B4A-11D0-8D11-00A0C91BC942}") = "14.05.16_ABCBA_피라미드", "14.05.16_ABCBA_피라미드\14.05.16_ABCBA_피라미드.vcxproj", "{1BB583EF-FE36-406E-BB22-019C1A4C7D92}"
EndProject
Project("{8BC9CEB8-8B4A-11D0-8D11-00A0C91BC942}") = "15.06.18_채민숙제_Mailslot", "15.06.18_채민숙제\15.06.18_채민숙제.vcxproj", "{91FDA1DB-B400-414E-8121-01DB5F3862CC}"
EndProject
Project("{8BC9CEB8-8B4A-11D0-8D11-00A0C91BC942}") = "14.07.23_api_hook", "14.07.23_api_hook\14.07.23_api_hook.vcxproj", "{D9D77DC0-D946-4BD0-BF2A-651FA2867BC1}"
EndProject
Project("{8BC9CEB8-8B4A-11D0-8D11-00A0C91BC942}") = "14.06.30_AssembleTest", "14.06.30_AssembleTest\14.06.30_AssembleTest.vcxproj", "{D14409D7-884A-4452-85FC-526AA20B6DA3}"
EndProject
Project("{8BC9CEB8-8B4A-11D0-8D11-00A0C91BC942}") = "14.06.30_Assign", "14.06.30_Assign\14.06.30_Assign.vcxproj", "{84E0E67C-BEA4-4B90-97D3-8C4C3D65BB3D}"
EndProject
Project("{8BC9CEB8-8B4A-11D0-8D11-00A0C91BC942}") = "14.05.16_CamTest_알고리즘영상", "14.05.16_CamTest_알고리즘영상\14.05.16_CamTest_알고리즘영상.vcxproj", "{DD593959-0E44-4FB6-A391-66D751D40301}"
EndProject
Project("{8BC9CEB8-8B4A-11D0-8D11-00A0C91BC942}") = "14.05.13_CS_문자 자동처리", "14.05.13_CS_문자 자동처리\14.05.13_CS_문자 자동처리.vcxproj", "{ACA4F893-E922-40F5-90F2-338F1119847E}"
EndProject
Project("{8BC9CEB8-8B4A-11D0-8D11-00A0C91BC942}") = "12.09.25_d2hack", "12.09.25_d2hack\12.09.25_d2hack.vcxproj", "{90922CF6-356B-4251-88EB-4E43A3B60A6D}"
EndProject
Project("{FAE04EC0-301F-11D3-BF4B-00C04F79EFBC}") = "12.10.12_CS_exit", "12.10.12_CS_exit\12.10.12_CS_exit.csproj", "{48406DB8-E855-4994-BB49-0DB71499236F}"
EndProject
Project("{8BC9CEB8-8B4A-11D0-8D11-00A0C91BC942}") = "12.11.30_algo_Data_input_output", "12.11.30_algo_Data_input_output\12.11.30_algo_Data_input_output.vcxproj", "{172A95C1-77BF-4E4D-9F3C-02B3182D34D4}"
EndProject
Project("{8BC9CEB8-8B4A-11D0-8D11-00A0C91BC942}") = "14.03.03_앵무인코딩", "14.03.03_앵무인코딩\14.03.03_앵무인코딩.vcxproj", "{7C62691F-E9D4-47F5-9DBB-1BA6AEB594A4}"
EndProject
Project("{8BC9CEB8-8B4A-11D0-8D11-00A0C91BC942}") = "13.05.06_Image_control", "13.05.06_Image_control\13.05.06_Image_control.vcxproj", "{AB754ED5-BD89-4005-A5BA-478856EFB200}"
EndProject
Project("{888888A0-9F3D-457C-B088-3A5042F75D52}") = "14.08.05_EmulaterAsemblyforPython", "14.08.05_EmulaterAsemblyforPython\14.08.05_EmulaterAsemblyforPython.pyproj", "{81D9D111-4176-4AE9-8F6A-0D9621D30405}"
EndProject
Project("{8BC9CEB8-8B4A-11D0-8D11-00A0C91BC942}") = "14.05.11_mouse_and_jail", "14.05.11_mouse_and_jail\14.05.11_mouse_and_jail.vcxproj", "{E30C317D-37FB-446C-81C8-CD3D0E1C8F0A}"
EndProject
Project("{FAE04EC0-301F-11D3-BF4B-00C04F79EFBC}") = "14.02.13_QueueEx", "14.02.13_QueueEx\14.02.13_QueueEx.csproj", "{246EA8DB-F03B-4783-83BC-6A1C94BD42A3}"
EndProject
Project("{FAE04EC0-301F-11D3-BF4B-00C04F79EFBC}") = "14.02.13_QueueEx2", "14.02.13_QueueEx2\14.02.13_QueueEx2.csproj", "{115C92D9-30A3-47CF-82D4-6164131572F9}"
EndProject
Project("{888888A0-9F3D-457C-B088-3A5042F75D52}") = "15.07.13_ESEDatabaseParser", "15.07.13_ESEDatabaseParser\15.07.13_ESEDatabaseParser.pyproj", "{614C0A81-365F-403F-ADF8-ABBE61E5CA53}"
EndProject
Project("{FAE04EC0-301F-11D3-BF4B-00C04F79EFBC}") = "14.02.10_httpServerTest", "14.02.10_httpServerTest\14.02.10_httpServerTest.csproj", "{7E4E47CA-5E9C-4A39-9ADC-5942380111B0}"
EndProject
Project("{8BC9CEB8-8B4A-11D0-8D11-00A0C91BC942}") = "14.04.26_STLtest", "14.04.26_STLtest\14.04.26_STLtest.vcxproj", "{BE42AA43-5747-42D7-A41E-17422650FF90}"
EndProject
Project("{FAE04EC0-301F-11D3-BF4B-00C04F79EFBC}") = "14.02.09_csThread", "14.02.09_csThread\14.02.09_csThread.csproj", "{6E0FC8E0-9F52-4BAF-8E8E-352CD2C605BB}"
EndProject
Project("{8BC9CEB8-8B4A-11D0-8D11-00A0C91BC942}") = "14.06.05_uijengAlgo", "14.06.05_uijengAlgo\14.06.05_uijengAlgo.vcxproj", "{4132D2AC-6AB2-4D3B-986F-6B739AF45316}"
EndProject
Project("{8BC9CEB8-8B4A-11D0-8D11-00A0C91BC942}") = "14.05.11_Findway", "14.05.11_Findway\14.05.11_Findway.vcxproj", "{DF2B8999-F9AA-4F22-A3BA-6C15870C3661}"
EndProject
Project("{8BC9CEB8-8B4A-11D0-8D11-00A0C91BC942}") = "14.06.06_Winxp_Virustest", "14.06.06_Winxp_Virustest\14.06.06_Winxp_Virustest.vcxproj", "{D53BD650-3F57-4F60-8ADD-7D1D30907514}"
EndProject
Global
	GlobalSection(SolutionConfigurationPlatforms) = preSolution
		Debug|Any CPU = Debug|Any CPU
		Debug|Mixed Platforms = Debug|Mixed Platforms
		Debug|Win32 = Debug|Win32
		Release|Any CPU = Release|Any CPU
		Release|Mixed Platforms = Release|Mixed Platforms
		Release|Win32 = Release|Win32
	EndGlobalSection
	GlobalSection(ProjectConfigurationPlatforms) = postSolution
		{AFC54A85-2850-4535-8050-F9BB03CBBAAC}.Debug|Any CPU.ActiveCfg = Debug|Win32
		{AFC54A85-2850-4535-8050-F9BB03CBBAAC}.Debug|Mixed Platforms.ActiveCfg = Debug|Win32
		{AFC54A85-2850-4535-8050-F9BB03CBBAAC}.Debug|Mixed Platforms.Build.0 = Debug|Win32
		{AFC54A85-2850-4535-8050-F9BB03CBBAAC}.Debug|Win32.ActiveCfg = Debug|Win32
		{AFC54A85-2850-4535-8050-F9BB03CBBAAC}.Debug|Win32.Build.0 = Debug|Win32
		{AFC54A85-2850-4535-8050-F9BB03CBBAAC}.Release|Any CPU.ActiveCfg = Release|Win32
		{AFC54A85-2850-4535-8050-F9BB03CBBAAC}.Release|Mixed Platforms.ActiveCfg = Release|Win32
		{AFC54A85-2850-4535-8050-F9BB03CBBAAC}.Release|Mixed Platforms.Build.0 = Release|Win32
		{AFC54A85-2850-4535-8050-F9BB03CBBAAC}.Release|Win32.ActiveCfg = Release|Win32
		{AFC54A85-2850-4535-8050-F9BB03CBBAAC}.Release|Win32.Build.0 = Release|Win32
		{D0A2FF73-A5AB-4E8A-89ED-C57C280E4CCD}.Debug|Any CPU.ActiveCfg = Debug|Win32
		{D0A2FF73-A5AB-4E8A-89ED-C57C280E4CCD}.Debug|Mixed Platforms.ActiveCfg = Debug|Win32
		{D0A2FF73-A5AB-4E8A-89ED-C57C280E4CCD}.Debug|Mixed Platforms.Build.0 = Debug|Win32
		{D0A2FF73-A5AB-4E8A-89ED-C57C280E4CCD}.Debug|Win32.ActiveCfg = Debug|Win32
		{D0A2FF73-A5AB-4E8A-89ED-C57C280E4CCD}.Debug|Win32.Build.0 = Debug|Win32
		{D0A2FF73-A5AB-4E8A-89ED-C57C280E4CCD}.Release|Any CPU.ActiveCfg = Release|Win32
		{D0A2FF73-A5AB-4E8A-89ED-C57C280E4CCD}.Release|Mixed Platforms.ActiveCfg = Release|Win32
		{D0A2FF73-A5AB-4E8A-89ED-C57C280E4CCD}.Release|Mixed Platforms.Build.0 = Release|Win32
		{D0A2FF73-A5AB-4E8A-89ED-C57C280E4CCD}.Release|Win32.ActiveCfg = Release|Win32
		{D0A2FF73-A5AB-4E8A-89ED-C57C280E4CCD}.Release|Win32.Build.0 = Release|Win32
		{D507DF39-5EF4-4842-802E-8C9E3A0E757B}.Debug|Any CPU.ActiveCfg = Debug|Win32
		{D507DF39-5EF4-4842-802E-8C9E3A0E757B}.Debug|Mixed Platforms.ActiveCfg = Debug|Win32
		{D507DF39-5EF4-4842-802E-8C9E3A0E757B}.Debug|Mixed Platforms.Build.0 = Debug|Win32
		{D507DF39-5EF4-4842-802E-8C9E3A0E757B}.Debug|Win32.ActiveCfg = Debug|Win32
		{D507DF39-5EF4-4842-802E-8C9E3A0E757B}.Debug|Win32.Build.0 = Debug|Win32
		{D507DF39-5EF4-4842-802E-8C9E3A0E757B}.Release|Any CPU.ActiveCfg = Release|Win32
		{D507DF39-5EF4-4842-802E-8C9E3A0E757B}.Release|Mixed Platforms.ActiveCfg = Release|Win32
		{D507DF39-5EF4-4842-802E-8C9E3A0E757B}.Release|Mixed Platforms.Build.0 = Release|Win32
		{D507DF39-5EF4-4842-802E-8C9E3A0E757B}.Release|Win32.ActiveCfg = Release|Win32
		{D507DF39-5EF4-4842-802E-8C9E3A0E757B}.Release|Win32.Build.0 = Release|Win32
		{1BB583EF-FE36-406E-BB22-019C1A4C7D92}.Debug|Any CPU.ActiveCfg = Debug|Win32
		{1BB583EF-FE36-406E-BB22-019C1A4C7D92}.Debug|Mixed Platforms.ActiveCfg = Debug|Win32
		{1BB583EF-FE36-406E-BB22-019C1A4C7D92}.Debug|Mixed Platforms.Build.0 = Debug|Win32
		{1BB583EF-FE36-406E-BB22-019C1A4C7D92}.Debug|Win32.ActiveCfg = Debug|Win32
		{1BB583EF-FE36-406E-BB22-019C1A4C7D92}.Debug|Win32.Build.0 = Debug|Win32
		{1BB583EF-FE36-406E-BB22-019C1A4C7D92}.Release|Any CPU.ActiveCfg = Release|Win32
		{1BB583EF-FE36-406E-BB22-019C1A4C7D92}.Release|Mixed Platforms.ActiveCfg = Release|Win32
		{1BB583EF-FE36-406E-BB22-019C1A4C7D92}.Release|Mixed Platforms.Build.0 = Release|Win32
		{1BB583EF-FE36-406E-BB22-019C1A4C7D92}.Release|Win32.ActiveCfg = Release|Win32
		{1BB583EF-FE36-406E-BB22-019C1A4C7D92}.Release|Win32.Build.0 = Release|Win32
		{91FDA1DB-B400-414E-8121-01DB5F3862CC}.Debug|Any CPU.ActiveCfg = Debug|Win32
		{91FDA1DB-B400-414E-8121-01DB5F3862CC}.Debug|Mixed Platforms.ActiveCfg = Debug|Win32
		{91FDA1DB-B400-414E-8121-01DB5F3862CC}.Debug|Mixed Platforms.Build.0 = Debug|Win32
		{91FDA1DB-B400-414E-8121-01DB5F3862CC}.Debug|Win32.ActiveCfg = Debug|Win32
		{91FDA1DB-B400-414E-8121-01DB5F3862CC}.Debug|Win32.Build.0 = Debug|Win32
		{91FDA1DB-B400-414E-8121-01DB5F3862CC}.Release|Any CPU.ActiveCfg = Release|Win32
		{91FDA1DB-B400-414E-8121-01DB5F3862CC}.Release|Mixed Platforms.ActiveCfg = Release|Win32
		{91FDA1DB-B400-414E-8121-01DB5F3862CC}.Release|Mixed Platforms.Build.0 = Release|Win32
		{91FDA1DB-B400-414E-8121-01DB5F3862CC}.Release|Win32.ActiveCfg = Release|Win32
		{91FDA1DB-B400-414E-8121-01DB5F3862CC}.Release|Win32.Build.0 = Release|Win32
		{D9D77DC0-D946-4BD0-BF2A-651FA2867BC1}.Debug|Any CPU.ActiveCfg = Debug|Win32
		{D9D77DC0-D946-4BD0-BF2A-651FA2867BC1}.Debug|Mixed Platforms.ActiveCfg = Debug|Win32
		{D9D77DC0-D946-4BD0-BF2A-651FA2867BC1}.Debug|Mixed Platforms.Build.0 = Debug|Win32
		{D9D77DC0-D946-4BD0-BF2A-651FA2867BC1}.Debug|Win32.ActiveCfg = Debug|Win32
		{D9D77DC0-D946-4BD0-BF2A-651FA2867BC1}.Debug|Win32.Build.0 = Debug|Win32
		{D9D77DC0-D946-4BD0-BF2A-651FA2867BC1}.Release|Any CPU.ActiveCfg = Release|Win32
		{D9D77DC0-D946-4BD0-BF2A-651FA2867BC1}.Release|Mixed Platforms.ActiveCfg = Release|Win32
		{D9D77DC0-D946-4BD0-BF2A-651FA2867BC1}.Release|Mixed Platforms.Build.0 = Release|Win32
		{D9D77DC0-D946-4BD0-BF2A-651FA2867BC1}.Release|Win32.ActiveCfg = Release|Win32
		{D9D77DC0-D946-4BD0-BF2A-651FA2867BC1}.Release|Win32.Build.0 = Release|Win32
		{D14409D7-884A-4452-85FC-526AA20B6DA3}.Debug|Any CPU.ActiveCfg = Debug|Win32
		{D14409D7-884A-4452-85FC-526AA20B6DA3}.Debug|Mixed Platforms.ActiveCfg = Debug|Win32
		{D14409D7-884A-4452-85FC-526AA20B6DA3}.Debug|Mixed Platforms.Build.0 = Debug|Win32
		{D14409D7-884A-4452-85FC-526AA20B6DA3}.Debug|Win32.ActiveCfg = Debug|Win32
		{D14409D7-884A-4452-85FC-526AA20B6DA3}.Debug|Win32.Build.0 = Debug|Win32
		{D14409D7-884A-4452-85FC-526AA20B6DA3}.Release|Any CPU.ActiveCfg = Release|Win32
		{D14409D7-884A-4452-85FC-526AA20B6DA3}.Release|Mixed Platforms.ActiveCfg = Release|Win32
		{D14409D7-884A-4452-85FC-526AA20B6DA3}.Release|Mixed Platforms.Build.0 = Release|Win32
		{D14409D7-884A-4452-85FC-526AA20B6DA3}.Release|Win32.ActiveCfg = Release|Win32
		{D14409D7-884A-4452-85FC-526AA20B6DA3}.Release|Win32.Build.0 = Release|Win32
		{84E0E67C-BEA4-4B90-97D3-8C4C3D65BB3D}.Debug|Any CPU.ActiveCfg = Debug|Win32
		{84E0E67C-BEA4-4B90-97D3-8C4C3D65BB3D}.Debug|Mixed Platforms.ActiveCfg = Debug|Win32
		{84E0E67C-BEA4-4B90-97D3-8C4C3D65BB3D}.Debug|Mixed Platforms.Build.0 = Debug|Win32
		{84E0E67C-BEA4-4B90-97D3-8C4C3D65BB3D}.Debug|Win32.ActiveCfg = Debug|Win32
		{84E0E67C-BEA4-4B90-97D3-8C4C3D65BB3D}.Debug|Win32.Build.0 = Debug|Win32
		{84E0E67C-BEA4-4B90-97D3-8C4C3D65BB3D}.Release|Any CPU.ActiveCfg = Release|Win32
		{84E0E67C-BEA4-4B90-97D3-8C4C3D65BB3D}.Release|Mixed Platforms.ActiveCfg = Release|Win32
		{84E0E67C-BEA4-4B90-97D3-8C4C3D65BB3D}.Release|Mixed Platforms.Build.0 = Release|Win32
		{84E0E67C-BEA4-4B90-97D3-8C4C3D65BB3D}.Release|Win32.ActiveCfg = Release|Win32
		{84E0E67C-BEA4-4B90-97D3-8C4C3D65BB3D}.Release|Win32.Build.0 = Release|Win32
		{DD593959-0E44-4FB6-A391-66D751D40301}.Debug|Any CPU.ActiveCfg = Debug|Win32
		{DD593959-0E44-4FB6-A391-66D751D40301}.Debug|Mixed Platforms.ActiveCfg = Debug|Win32
		{DD593959-0E44-4FB6-A391-66D751D40301}.Debug|Mixed Platforms.Build.0 = Debug|Win32
		{DD593959-0E44-4FB6-A391-66D751D40301}.Debug|Win32.ActiveCfg = Debug|Win32
		{DD593959-0E44-4FB6-A391-66D751D40301}.Debug|Win32.Build.0 = Debug|Win32
		{DD593959-0E44-4FB6-A391-66D751D40301}.Release|Any CPU.ActiveCfg = Release|Win32
		{DD593959-0E44-4FB6-A391-66D751D40301}.Release|Mixed Platforms.ActiveCfg = Release|Win32
		{DD593959-0E44-4FB6-A391-66D751D40301}.Release|Mixed Platforms.Build.0 = Release|Win32
		{DD593959-0E44-4FB6-A391-66D751D40301}.Release|Win32.ActiveCfg = Release|Win32
		{DD593959-0E44-4FB6-A391-66D751D40301}.Release|Win32.Build.0 = Release|Win32
		{ACA4F893-E922-40F5-90F2-338F1119847E}.Debug|Any CPU.ActiveCfg = Debug|Win32
		{ACA4F893-E922-40F5-90F2-338F1119847E}.Debug|Mixed Platforms.ActiveCfg = Debug|Win32
		{ACA4F893-E922-40F5-90F2-338F1119847E}.Debug|Mixed Platforms.Build.0 = Debug|Win32
		{ACA4F893-E922-40F5-90F2-338F1119847E}.Debug|Win32.ActiveCfg = Debug|Win32
		{ACA4F893-E922-40F5-90F2-338F1119847E}.Debug|Win32.Build.0 = Debug|Win32
		{ACA4F893-E922-40F5-90F2-338F1119847E}.Release|Any CPU.ActiveCfg = Release|Win32
		{ACA4F893-E922-40F5-90F2-338F1119847E}.Release|Mixed Platforms.ActiveCfg = Release|Win32
		{ACA4F893-E922-40F5-90F2-338F1119847E}.Release|Mixed Platforms.Build.0 = Release|Win32
		{ACA4F893-E922-40F5-90F2-338F1119847E}.Release|Win32.ActiveCfg = Release|Win32
		{ACA4F893-E922-40F5-90F2-338F1119847E}.Release|Win32.Build.0 = Release|Win32
		{90922CF6-356B-4251-88EB-4E43A3B60A6D}.Debug|Any CPU.ActiveCfg = Debug|Win32
		{90922CF6-356B-4251-88EB-4E43A3B60A6D}.Debug|Mixed Platforms.ActiveCfg = Debug|Win32
		{90922CF6-356B-4251-88EB-4E43A3B60A6D}.Debug|Mixed Platforms.Build.0 = Debug|Win32
		{90922CF6-356B-4251-88EB-4E43A3B60A6D}.Debug|Win32.ActiveCfg = Debug|Win32
		{90922CF6-356B-4251-88EB-4E43A3B60A6D}.Debug|Win32.Build.0 = Debug|Win32
		{90922CF6-356B-4251-88EB-4E43A3B60A6D}.Release|Any CPU.ActiveCfg = Release|Win32
		{90922CF6-356B-4251-88EB-4E43A3B60A6D}.Release|Mixed Platforms.ActiveCfg = Release|Win32
		{90922CF6-356B-4251-88EB-4E43A3B60A6D}.Release|Mixed Platforms.Build.0 = Release|Win32
		{90922CF6-356B-4251-88EB-4E43A3B60A6D}.Release|Win32.ActiveCfg = Release|Win32
		{90922CF6-356B-4251-88EB-4E43A3B60A6D}.Release|Win32.Build.0 = Release|Win32
		{48406DB8-E855-4994-BB49-0DB71499236F}.Debug|Any CPU.ActiveCfg = Debug|Any CPU
		{48406DB8-E855-4994-BB49-0DB71499236F}.Debug|Any CPU.Build.0 = Debug|Any CPU
		{48406DB8-E855-4994-BB49-0DB71499236F}.Debug|Mixed Platforms.ActiveCfg = Debug|Any CPU
		{48406DB8-E855-4994-BB49-0DB71499236F}.Debug|Mixed Platforms.Build.0 = Debug|Any CPU
		{48406DB8-E855-4994-BB49-0DB71499236F}.Debug|Win32.ActiveCfg = Debug|Any CPU
		{48406DB8-E855-4994-BB49-0DB71499236F}.Release|Any CPU.ActiveCfg = Release|Any CPU
		{48406DB8-E855-4994-BB49-0DB71499236F}.Release|Any CPU.Build.0 = Release|Any CPU
		{48406DB8-E855-4994-BB49-0DB71499236F}.Release|Mixed Platforms.ActiveCfg = Release|Any CPU
		{48406DB8-E855-4994-BB49-0DB71499236F}.Release|Mixed Platforms.Build.0 = Release|Any CPU
		{48406DB8-E855-4994-BB49-0DB71499236F}.Release|Win32.ActiveCfg = Release|Any CPU
		{172A95C1-77BF-4E4D-9F3C-02B3182D34D4}.Debug|Any CPU.ActiveCfg = Debug|Win32
		{172A95C1-77BF-4E4D-9F3C-02B3182D34D4}.Debug|Mixed Platforms.ActiveCfg = Debug|Win32
		{172A95C1-77BF-4E4D-9F3C-02B3182D34D4}.Debug|Mixed Platforms.Build.0 = Debug|Win32
		{172A95C1-77BF-4E4D-9F3C-02B3182D34D4}.Debug|Win32.ActiveCfg = Debug|Win32
		{172A95C1-77BF-4E4D-9F3C-02B3182D34D4}.Debug|Win32.Build.0 = Debug|Win32
		{172A95C1-77BF-4E4D-9F3C-02B3182D34D4}.Release|Any CPU.ActiveCfg = Release|Win32
		{172A95C1-77BF-4E4D-9F3C-02B3182D34D4}.Release|Mixed Platforms.ActiveCfg = Release|Win32
		{172A95C1-77BF-4E4D-9F3C-02B3182D34D4}.Release|Mixed Platforms.Build.0 = Release|Win32
		{172A95C1-77BF-4E4D-9F3C-02B3182D34D4}.Release|Win32.ActiveCfg = Release|Win32
		{172A95C1-77BF-4E4D-9F3C-02B3182D34D4}.Release|Win32.Build.0 = Release|Win32
		{7C62691F-E9D4-47F5-9DBB-1BA6AEB594A4}.Debug|Any CPU.ActiveCfg = Debug|Win32
		{7C62691F-E9D4-47F5-9DBB-1BA6AEB594A4}.Debug|Mixed Platforms.ActiveCfg = Debug|Win32
		{7C62691F-E9D4-47F5-9DBB-1BA6AEB594A4}.Debug|Mixed Platforms.Build.0 = Debug|Win32
		{7C62691F-E9D4-47F5-9DBB-1BA6AEB594A4}.Debug|Win32.ActiveCfg = Debug|Win32
		{7C62691F-E9D4-47F5-9DBB-1BA6AEB594A4}.Debug|Win32.Build.0 = Debug|Win32
		{7C62691F-E9D4-47F5-9DBB-1BA6AEB594A4}.Release|Any CPU.ActiveCfg = Release|Win32
		{7C62691F-E9D4-47F5-9DBB-1BA6AEB594A4}.Release|Mixed Platforms.ActiveCfg = Release|Win32
		{7C62691F-E9D4-47F5-9DBB-1BA6AEB594A4}.Release|Mixed Platforms.Build.0 = Release|Win32
		{7C62691F-E9D4-47F5-9DBB-1BA6AEB594A4}.Release|Win32.ActiveCfg = Release|Win32
		{7C62691F-E9D4-47F5-9DBB-1BA6AEB594A4}.Release|Win32.Build.0 = Release|Win32
		{AB754ED5-BD89-4005-A5BA-478856EFB200}.Debug|Any CPU.ActiveCfg = Debug|Win32
		{AB754ED5-BD89-4005-A5BA-478856EFB200}.Debug|Mixed Platforms.ActiveCfg = Debug|Win32
		{AB754ED5-BD89-4005-A5BA-478856EFB200}.Debug|Mixed Platforms.Build.0 = Debug|Win32
		{AB754ED5-BD89-4005-A5BA-478856EFB200}.Debug|Win32.ActiveCfg = Debug|Win32
		{AB754ED5-BD89-4005-A5BA-478856EFB200}.Debug|Win32.Build.0 = Debug|Win32
		{AB754ED5-BD89-4005-A5BA-478856EFB200}.Release|Any CPU.ActiveCfg = Release|Win32
		{AB754ED5-BD89-4005-A5BA-478856EFB200}.Release|Mixed Platforms.ActiveCfg = Release|Win32
		{AB754ED5-BD89-4005-A5BA-478856EFB200}.Release|Mixed Platforms.Build.0 = Release|Win32
		{AB754ED5-BD89-4005-A5BA-478856EFB200}.Release|Win32.ActiveCfg = Release|Win32
		{AB754ED5-BD89-4005-A5BA-478856EFB200}.Release|Win32.Build.0 = Release|Win32
		{81D9D111-4176-4AE9-8F6A-0D9621D30405}.Debug|Any CPU.ActiveCfg = Debug|Any CPU
		{81D9D111-4176-4AE9-8F6A-0D9621D30405}.Debug|Mixed Platforms.ActiveCfg = Debug|Any CPU
		{81D9D111-4176-4AE9-8F6A-0D9621D30405}.Debug|Win32.ActiveCfg = Debug|Any CPU
		{81D9D111-4176-4AE9-8F6A-0D9621D30405}.Release|Any CPU.ActiveCfg = Release|Any CPU
		{81D9D111-4176-4AE9-8F6A-0D9621D30405}.Release|Mixed Platforms.ActiveCfg = Release|Any CPU
		{81D9D111-4176-4AE9-8F6A-0D9621D30405}.Release|Win32.ActiveCfg = Release|Any CPU
		{E30C317D-37FB-446C-81C8-CD3D0E1C8F0A}.Debug|Any CPU.ActiveCfg = Debug|Win32
		{E30C317D-37FB-446C-81C8-CD3D0E1C8F0A}.Debug|Mixed Platforms.ActiveCfg = Debug|Win32
		{E30C317D-37FB-446C-81C8-CD3D0E1C8F0A}.Debug|Mixed Platforms.Build.0 = Debug|Win32
		{E30C317D-37FB-446C-81C8-CD3D0E1C8F0A}.Debug|Win32.ActiveCfg = Debug|Win32
		{E30C317D-37FB-446C-81C8-CD3D0E1C8F0A}.Debug|Win32.Build.0 = Debug|Win32
		{E30C317D-37FB-446C-81C8-CD3D0E1C8F0A}.Release|Any CPU.ActiveCfg = Release|Win32
		{E30C317D-37FB-446C-81C8-CD3D0E1C8F0A}.Release|Mixed Platforms.ActiveCfg = Release|Win32
		{E30C317D-37FB-446C-81C8-CD3D0E1C8F0A}.Release|Mixed Platforms.Build.0 = Release|Win32
		{E30C317D-37FB-446C-81C8-CD3D0E1C8F0A}.Release|Win32.ActiveCfg = Release|Win32
		{E30C317D-37FB-446C-81C8-CD3D0E1C8F0A}.Release|Win32.Build.0 = Release|Win32
		{246EA8DB-F03B-4783-83BC-6A1C94BD42A3}.Debug|Any CPU.ActiveCfg = Debug|Any CPU
		{246EA8DB-F03B-4783-83BC-6A1C94BD42A3}.Debug|Any CPU.Build.0 = Debug|Any CPU
		{246EA8DB-F03B-4783-83BC-6A1C94BD42A3}.Debug|Mixed Platforms.ActiveCfg = Debug|Any CPU
		{246EA8DB-F03B-4783-83BC-6A1C94BD42A3}.Debug|Mixed Platforms.Build.0 = Debug|Any CPU
		{246EA8DB-F03B-4783-83BC-6A1C94BD42A3}.Debug|Win32.ActiveCfg = Debug|Any CPU
		{246EA8DB-F03B-4783-83BC-6A1C94BD42A3}.Release|Any CPU.ActiveCfg = Release|Any CPU
		{246EA8DB-F03B-4783-83BC-6A1C94BD42A3}.Release|Any CPU.Build.0 = Release|Any CPU
		{246EA8DB-F03B-4783-83BC-6A1C94BD42A3}.Release|Mixed Platforms.ActiveCfg = Release|Any CPU
		{246EA8DB-F03B-4783-83BC-6A1C94BD42A3}.Release|Mixed Platforms.Build.0 = Release|Any CPU
		{246EA8DB-F03B-4783-83BC-6A1C94BD42A3}.Release|Win32.ActiveCfg = Release|Any CPU
		{115C92D9-30A3-47CF-82D4-6164131572F9}.Debug|Any CPU.ActiveCfg = Debug|Any CPU
		{115C92D9-30A3-47CF-82D4-6164131572F9}.Debug|Any CPU.Build.0 = Debug|Any CPU
		{115C92D9-30A3-47CF-82D4-6164131572F9}.Debug|Mixed Platforms.ActiveCfg = Debug|Any CPU
		{115C92D9-30A3-47CF-82D4-6164131572F9}.Debug|Mixed Platforms.Build.0 = Debug|Any CPU
		{115C92D9-30A3-47CF-82D4-6164131572F9}.Debug|Win32.ActiveCfg = Debug|Any CPU
		{115C92D9-30A3-47CF-82D4-6164131572F9}.Release|Any CPU.ActiveCfg = Release|Any CPU
		{115C92D9-30A3-47CF-82D4-6164131572F9}.Release|Any CPU.Build.0 = Release|Any CPU
		{115C92D9-30A3-47CF-82D4-6164131572F9}.Release|Mixed Platforms.ActiveCfg = Release|Any CPU
		{115C92D9-30A3-47CF-82D4-6164131572F9}.Release|Mixed Platforms.Build.0 = Release|Any CPU
		{115C92D9-30A3-47CF-82D4-6164131572F9}.Release|Win32.ActiveCfg = Release|Any CPU
		{614C0A81-365F-403F-ADF8-ABBE61E5CA53}.Debug|Any CPU.ActiveCfg = Debug|Any CPU
		{614C0A81-365F-403F-ADF8-ABBE61E5CA53}.Debug|Mixed Platforms.ActiveCfg = Debug|Any CPU
		{614C0A81-365F-403F-ADF8-ABBE61E5CA53}.Debug|Win32.ActiveCfg = Debug|Any CPU
		{614C0A81-365F-403F-ADF8-ABBE61E5CA53}.Release|Any CPU.ActiveCfg = Release|Any CPU
		{614C0A81-365F-403F-ADF8-ABBE61E5CA53}.Release|Mixed Platforms.ActiveCfg = Release|Any CPU
		{614C0A81-365F-403F-ADF8-ABBE61E5CA53}.Release|Win32.ActiveCfg = Release|Any CPU
		{7E4E47CA-5E9C-4A39-9ADC-5942380111B0}.Debug|Any CPU.ActiveCfg = Debug|Any CPU
		{7E4E47CA-5E9C-4A39-9ADC-5942380111B0}.Debug|Any CPU.Build.0 = Debug|Any CPU
		{7E4E47CA-5E9C-4A39-9ADC-5942380111B0}.Debug|Mixed Platforms.ActiveCfg = Debug|Any CPU
		{7E4E47CA-5E9C-4A39-9ADC-5942380111B0}.Debug|Mixed Platforms.Build.0 = Debug|Any CPU
		{7E4E47CA-5E9C-4A39-9ADC-5942380111B0}.Debug|Win32.ActiveCfg = Debug|Any CPU
		{7E4E47CA-5E9C-4A39-9ADC-5942380111B0}.Release|Any CPU.ActiveCfg = Release|Any CPU
		{7E4E47CA-5E9C-4A39-9ADC-5942380111B0}.Release|Any CPU.Build.0 = Release|Any CPU
		{7E4E47CA-5E9C-4A39-9ADC-5942380111B0}.Release|Mixed Platforms.ActiveCfg = Release|Any CPU
		{7E4E47CA-5E9C-4A39-9ADC-5942380111B0}.Release|Mixed Platforms.Build.0 = Release|Any CPU
		{7E4E47CA-5E9C-4A39-9ADC-5942380111B0}.Release|Win32.ActiveCfg = Release|Any CPU
		{BE42AA43-5747-42D7-A41E-17422650FF90}.Debug|Any CPU.ActiveCfg = Debug|Win32
		{BE42AA43-5747-42D7-A41E-17422650FF90}.Debug|Mixed Platforms.ActiveCfg = Debug|Win32
		{BE42AA43-5747-42D7-A41E-17422650FF90}.Debug|Mixed Platforms.Build.0 = Debug|Win32
		{BE42AA43-5747-42D7-A41E-17422650FF90}.Debug|Win32.ActiveCfg = Debug|Win32
		{BE42AA43-5747-42D7-A41E-17422650FF90}.Debug|Win32.Build.0 = Debug|Win32
		{BE42AA43-5747-42D7-A41E-17422650FF90}.Release|Any CPU.ActiveCfg = Release|Win32
		{BE42AA43-5747-42D7-A41E-17422650FF90}.Release|Mixed Platforms.ActiveCfg = Release|Win32
		{BE42AA43-5747-42D7-A41E-17422650FF90}.Release|Mixed Platforms.Build.0 = Release|Win32
		{BE42AA43-5747-42D7-A41E-17422650FF90}.Release|Win32.ActiveCfg = Release|Win32
		{BE42AA43-5747-42D7-A41E-17422650FF90}.Release|Win32.Build.0 = Release|Win32
		{6E0FC8E0-9F52-4BAF-8E8E-352CD2C605BB}.Debug|Any CPU.ActiveCfg = Debug|Any CPU
		{6E0FC8E0-9F52-4BAF-8E8E-352CD2C605BB}.Debug|Any CPU.Build.0 = Debug|Any CPU
		{6E0FC8E0-9F52-4BAF-8E8E-352CD2C605BB}.Debug|Mixed Platforms.ActiveCfg = Debug|Any CPU
		{6E0FC8E0-9F52-4BAF-8E8E-352CD2C605BB}.Debug|Mixed Platforms.Build.0 = Debug|Any CPU
		{6E0FC8E0-9F52-4BAF-8E8E-352CD2C605BB}.Debug|Win32.ActiveCfg = Debug|Any CPU
		{6E0FC8E0-9F52-4BAF-8E8E-352CD2C605BB}.Release|Any CPU.ActiveCfg = Release|Any CPU
		{6E0FC8E0-9F52-4BAF-8E8E-352CD2C605BB}.Release|Any CPU.Build.0 = Release|Any CPU
		{6E0FC8E0-9F52-4BAF-8E8E-352CD2C605BB}.Release|Mixed Platforms.ActiveCfg = Release|Any CPU
		{6E0FC8E0-9F52-4BAF-8E8E-352CD2C605BB}.Release|Mixed Platforms.Build.0 = Release|Any CPU
		{6E0FC8E0-9F52-4BAF-8E8E-352CD2C605BB}.Release|Win32.ActiveCfg = Release|Any CPU
		{4132D2AC-6AB2-4D3B-986F-6B739AF45316}.Debug|Any CPU.ActiveCfg = Debug|Win32
		{4132D2AC-6AB2-4D3B-986F-6B739AF45316}.Debug|Mixed Platforms.ActiveCfg = Debug|Win32
		{4132D2AC-6AB2-4D3B-986F-6B739AF45316}.Debug|Mixed Platforms.Build.0 = Debug|Win32
		{4132D2AC-6AB2-4D3B-986F-6B739AF45316}.Debug|Win32.ActiveCfg = Debug|Win32
		{4132D2AC-6AB2-4D3B-986F-6B739AF45316}.Debug|Win32.Build.0 = Debug|Win32
		{4132D2AC-6AB2-4D3B-986F-6B739AF45316}.Release|Any CPU.ActiveCfg = Release|Win32
		{4132D2AC-6AB2-4D3B-986F-6B739AF45316}.Release|Mixed Platforms.ActiveCfg = Release|Win32
		{4132D2AC-6AB2-4D3B-986F-6B739AF45316}.Release|Mixed Platforms.Build.0 = Release|Win32
		{4132D2AC-6AB2-4D3B-986F-6B739AF45316}.Release|Win32.ActiveCfg = Release|Win32
		{4132D2AC-6AB2-4D3B-986F-6B739AF45316}.Release|Win32.Build.0 = Release|Win32
		{DF2B8999-F9AA-4F22-A3BA-6C15870C3661}.Debug|Any CPU.ActiveCfg = Debug|Win32
		{DF2B8999-F9AA-4F22-A3BA-6C15870C3661}.Debug|Mixed Platforms.ActiveCfg = Debug|Win32
		{DF2B8999-F9AA-4F22-A3BA-6C15870C3661}.Debug|Mixed Platforms.Build.0 = Debug|Win32
		{DF2B8999-F9AA-4F22-A3BA-6C15870C3661}.Debug|Win32.ActiveCfg = Debug|Win32
		{DF2B8999-F9AA-4F22-A3BA-6C15870C3661}.Debug|Win32.Build.0 = Debug|Win32
		{DF2B8999-F9AA-4F22-A3BA-6C15870C3661}.Release|Any CPU.ActiveCfg = Release|Win32
		{DF2B8999-F9AA-4F22-A3BA-6C15870C3661}.Release|Mixed Platforms.ActiveCfg = Release|Win32
		{DF2B8999-F9AA-4F22-A3BA-6C15870C3661}.Release|Mixed Platforms.Build.0 = Release|Win32
		{DF2B8999-F9AA-4F22-A3BA-6C15870C3661}.Release|Win32.ActiveCfg = Release|Win32
		{DF2B8999-F9AA-4F22-A3BA-6C15870C3661}.Release|Win32.Build.0 = Release|Win32
		{D53BD650-3F57-4F60-8ADD-7D1D30907514}.Debug|Any CPU.ActiveCfg = Debug|Win32
		{D53BD650-3F57-4F60-8ADD-7D1D30907514}.Debug|Mixed Platforms.ActiveCfg = Debug|Win32
		{D53BD650-3F57-4F60-8ADD-7D1D30907514}.Debug|Mixed Platforms.Build.0 = Debug|Win32
		{D53BD650-3F57-4F60-8ADD-7D1D30907514}.Debug|Win32.ActiveCfg = Debug|Win32
		{D53BD650-3F57-4F60-8ADD-7D1D30907514}.Debug|Win32.Build.0 = Debug|Win32
		{D53BD650-3F57-4F60-8ADD-7D1D30907514}.Release|Any CPU.ActiveCfg = Release|Win32
		{D53BD650-3F57-4F60-8ADD-7D1D30907514}.Release|Mixed Platforms.ActiveCfg = Release|Win32
		{D53BD650-3F57-4F60-8ADD-7D1D30907514}.Release|Mixed Platforms.Build.0 = Release|Win32
		{D53BD650-3F57-4F60-8ADD-7D1D30907514}.Release|Win32.ActiveCfg = Release|Win32
		{D53BD650-3F57-4F60-8ADD-7D1D30907514}.Release|Win32.Build.0 = Release|Win32
	EndGlobalSection
	GlobalSection(SolutionProperties) = preSolution
		HideSolutionNode = FALSE
	EndGlobalSection
EndGlobal
